{
  "requires": true,
  "lockfileVersion": 1,
  "dependencies": {
    "collada-exporter": {
      "version": "1.0.1",
      "resolved": "https://registry.npmjs.org/collada-exporter/-/collada-exporter-1.0.1.tgz",
      "integrity": "sha512-opGAJUcr3sY3pMvH0q6KGkVbOthoGg0oUqDffNm0onZ7ylNDkpyfkg9EWU5PIhjnKBj21gqurjWWlIB5c+8n3A=="
    }
  }
}
